{
    "_readme": [
        "This file locks the dependencies of your project to a known state",
        "Read more about it at https://getcomposer.org/doc/01-basic-usage.md#composer-lock-the-lock-file",
        "This file is @generated automatically"
    ],
    "content-hash": "aeea0d115d01c196644097245c7cec91",
    "packages": [
        {
            "name": "atrox/matcher",
            "version": "v1.1.1",
            "source": {
                "type": "git",
                "url": "https://github.com/kaja47/Matcher.git",
                "reference": "28e542cafef29298ed85ea6c37049010464259e0"
            },
            "dist": {
                "type": "zip",
                "url": "https://api.github.com/repos/kaja47/Matcher/zipball/28e542cafef29298ed85ea6c37049010464259e0",
                "reference": "28e542cafef29298ed85ea6c37049010464259e0",
                "shasum": ""
            },
            "require": {
                "php": ">=5.3.0"
            },
            "require-dev": {
                "masterminds/html5": "2.*",
                "nette/tester": "~1.1"
            },
            "suggest": {
                "symfony/css-selector": "Allows CSS selectors."
            },
            "type": "library",
            "autoload": {
                "psr-4": {
                    "Atrox\\": ""
                }
            },
            "notification-url": "https://packagist.org/downloads/",
            "license": [
                "BSD-3-Clause"
            ],
            "authors": [
                {
                    "name": "Karel Čížek",
                    "email": "kaja47@k47.cz",
                    "homepage": "http://funkcionalne.cz"
                }
            ],
            "description": "Powerful XML and HTML matching and data extraction library",
            "keywords": [
                "Xpath",
                "html",
                "xml"
            ],
            "time": "2018-02-10T20:51:11+00:00"
        },
        {
            "name": "symfony/css-selector",
            "version": "v3.4.22",
            "source": {
                "type": "git",
                "url": "https://github.com/symfony/css-selector.git",
                "reference": "8ca29297c29b64fb3a1a135e71cb25f67f9fdccf"
            },
            "dist": {
                "type": "zip",
                "url": "https://api.github.com/repos/symfony/css-selector/zipball/8ca29297c29b64fb3a1a135e71cb25f67f9fdccf",
                "reference": "8ca29297c29b64fb3a1a135e71cb25f67f9fdccf",
                "shasum": ""
            },
            "require": {
                "php": "^5.5.9|>=7.0.8"
            },
            "type": "library",
            "extra": {
                "branch-alias": {
                    "dev-master": "3.4-dev"
                }
            },
            "autoload": {
                "psr-4": {
                    "Symfony\\Component\\CssSelector\\": ""
                },
                "exclude-from-classmap": [
                    "/Tests/"
                ]
            },
            "notification-url": "https://packagist.org/downloads/",
            "license": [
                "MIT"
            ],
            "authors": [
                {
                    "name": "Jean-François Simon",
                    "email": "jeanfrancois.simon@sensiolabs.com"
                },
                {
                    "name": "Fabien Potencier",
                    "email": "fabien@symfony.com"
                },
                {
                    "name": "Symfony Community",
                    "homepage": "https://symfony.com/contributors"
                }
            ],
            "description": "Symfony CssSelector Component",
            "homepage": "https://symfony.com",
            "time": "2019-01-16T09:39:14+00:00"
        }
    ],
    "packages-dev": [],
    "aliases": [],
    "minimum-stability": "stable",
    "stability-flags": [],
    "prefer-stable": false,
    "prefer-lowest": false,
    "platform": [],
    "platform-dev": []
}
